
Microsoft Visual Studio Solution File, Format Version 12.00
# Visual Studio Version 17
VisualStudioVersion = 17.11.35219.272
MinimumVisualStudioVersion = 10.0.40219.1
Project("{FAE04EC0-301F-11D3-BF4B-00C04F79EFBC}") = "01 - Exercicio", "TesteTargetSistemas\01 - Exercicio.csproj", "{D3D4F357-DF40-4FBB-A021-98A1E3AD7AF8}"
EndProject
Project("{FAE04EC0-301F-11D3-BF4B-00C04F79EFBC}") = "02 - Exercicio", "02 - Exercicio\02 - Exercicio.csproj", "{8ADAD272-A6E5-47EE-A48C-DBF03FA9F153}"
EndProject
Project("{FAE04EC0-301F-11D3-BF4B-00C04F79EFBC}") = "03 - Exercicio", "03 - Exercicio\03 - Exercicio.csproj", "{EA722AF2-EF65-494B-A1C6-D282862F8091}"
EndProject
Project("{FAE04EC0-301F-11D3-BF4B-00C04F79EFBC}") = "04 - Exercicio", "04 - Exercicio\04 - Exercicio.csproj", "{F6DEF401-F6D4-4ADF-A9D4-12613AD55A7D}"
EndProject
Project("{FAE04EC0-301F-11D3-BF4B-00C04F79EFBC}") = "05 - Exercicio", "05 - Exercicio\05 - Exercicio.csproj", "{3060E42B-22AD-4D26-9AA4-0C47DA3FC9B1}"
EndProject
Global
	GlobalSection(SolutionConfigurationPlatforms) = preSolution
		Debug|Any CPU = Debug|Any CPU
		Release|Any CPU = Release|Any CPU
	EndGlobalSection
	GlobalSection(ProjectConfigurationPlatforms) = postSolution
		{D3D4F357-DF40-4FBB-A021-98A1E3AD7AF8}.Debug|Any CPU.ActiveCfg = Debug|Any CPU
		{D3D4F357-DF40-4FBB-A021-98A1E3AD7AF8}.Debug|Any CPU.Build.0 = Debug|Any CPU
		{D3D4F357-DF40-4FBB-A021-98A1E3AD7AF8}.Release|Any CPU.ActiveCfg = Release|Any CPU
		{D3D4F357-DF40-4FBB-A021-98A1E3AD7AF8}.Release|Any CPU.Build.0 = Release|Any CPU
		{8ADAD272-A6E5-47EE-A48C-DBF03FA9F153}.Debug|Any CPU.ActiveCfg = Debug|Any CPU
		{8ADAD272-A6E5-47EE-A48C-DBF03FA9F153}.Debug|Any CPU.Build.0 = Debug|Any CPU
		{8ADAD272-A6E5-47EE-A48C-DBF03FA9F153}.Release|Any CPU.ActiveCfg = Release|Any CPU
		{8ADAD272-A6E5-47EE-A48C-DBF03FA9F153}.Release|Any CPU.Build.0 = Release|Any CPU
		{EA722AF2-EF65-494B-A1C6-D282862F8091}.Debug|Any CPU.ActiveCfg = Debug|Any CPU
		{EA722AF2-EF65-494B-A1C6-D282862F8091}.Debug|Any CPU.Build.0 = Debug|Any CPU
		{EA722AF2-EF65-494B-A1C6-D282862F8091}.Release|Any CPU.ActiveCfg = Release|Any CPU
		{EA722AF2-EF65-494B-A1C6-D282862F8091}.Release|Any CPU.Build.0 = Release|Any CPU
		{F6DEF401-F6D4-4ADF-A9D4-12613AD55A7D}.Debug|Any CPU.ActiveCfg = Debug|Any CPU
		{F6DEF401-F6D4-4ADF-A9D4-12613AD55A7D}.Debug|Any CPU.Build.0 = Debug|Any CPU
		{F6DEF401-F6D4-4ADF-A9D4-12613AD55A7D}.Release|Any CPU.ActiveCfg = Release|Any CPU
		{F6DEF401-F6D4-4ADF-A9D4-12613AD55A7D}.Release|Any CPU.Build.0 = Release|Any CPU
		{3060E42B-22AD-4D26-9AA4-0C47DA3FC9B1}.Debug|Any CPU.ActiveCfg = Debug|Any CPU
		{3060E42B-22AD-4D26-9AA4-0C47DA3FC9B1}.Debug|Any CPU.Build.0 = Debug|Any CPU
		{3060E42B-22AD-4D26-9AA4-0C47DA3FC9B1}.Release|Any CPU.ActiveCfg = Release|Any CPU
		{3060E42B-22AD-4D26-9AA4-0C47DA3FC9B1}.Release|Any CPU.Build.0 = Release|Any CPU
	EndGlobalSection
	GlobalSection(SolutionProperties) = preSolution
		HideSolutionNode = FALSE
	EndGlobalSection
	GlobalSection(ExtensibilityGlobals) = postSolution
		SolutionGuid = {A73A5950-E1F5-4632-98BB-2DE99F4F3378}
	EndGlobalSection
EndGlobal
